
Microsoft Visual Studio Solution File, Format Version 12.00
# Visual Studio Version 17
VisualStudioVersion = 17.12.35527.113 d17.12
MinimumVisualStudioVersion = 10.0.40219.1
Project("{FAE04EC0-301F-11D3-BF4B-00C04F79EFBC}") = "KiemTraCore", "KiemTraCore\KiemTraCore.csproj", "{69E6EFEE-73CE-443A-B301-0CF27B27A997}"
EndProject
Project("{FAE04EC0-301F-11D3-BF4B-00C04F79EFBC}") = "DemoTest", "DemoTest\DemoTest.csproj", "{1BAA10CF-DF28-4424-AD3A-AC7E1539CAA8}"
EndProject
Global
	GlobalSection(SolutionConfigurationPlatforms) = preSolution
		Debug|Any CPU = Debug|Any CPU
		Release|Any CPU = Release|Any CPU
	EndGlobalSection
	GlobalSection(ProjectConfigurationPlatforms) = postSolution
		{69E6EFEE-73CE-443A-B301-0CF27B27A997}.Debug|Any CPU.ActiveCfg = Debug|Any CPU
		{69E6EFEE-73CE-443A-B301-0CF27B27A997}.Debug|Any CPU.Build.0 = Debug|Any CPU
		{69E6EFEE-73CE-443A-B301-0CF27B27A997}.Release|Any CPU.ActiveCfg = Release|Any CPU
		{69E6EFEE-73CE-443A-B301-0CF27B27A997}.Release|Any CPU.Build.0 = Release|Any CPU
		{1BAA10CF-DF28-4424-AD3A-AC7E1539CAA8}.Debug|Any CPU.ActiveCfg = Debug|Any CPU
		{1BAA10CF-DF28-4424-AD3A-AC7E1539CAA8}.Debug|Any CPU.Build.0 = Debug|Any CPU
		{1BAA10CF-DF28-4424-AD3A-AC7E1539CAA8}.Release|Any CPU.ActiveCfg = Release|Any CPU
		{1BAA10CF-DF28-4424-AD3A-AC7E1539CAA8}.Release|Any CPU.Build.0 = Release|Any CPU
	EndGlobalSection
	GlobalSection(SolutionProperties) = preSolution
		HideSolutionNode = FALSE
	EndGlobalSection
EndGlobal
